
Microsoft Visual Studio Solution File, Format Version 12.00
# Visual Studio Version 17
VisualStudioVersion = 17.6.33815.320
MinimumVisualStudioVersion = 10.0.40219.1
Project("{FAE04EC0-301F-11D3-BF4B-00C04F79EFBC}") = "SampleApi", "SampleApi.csproj", "{E7CD5472-09CF-45AB-A94A-B9547B0FCD3B}"
EndProject
Global
	GlobalSection(SolutionConfigurationPlatforms) = preSolution
		Debug|Any CPU = Debug|Any CPU
		Release|Any CPU = Release|Any CPU
	EndGlobalSection
	GlobalSection(ProjectConfigurationPlatforms) = postSolution
		{E7CD5472-09CF-45AB-A94A-B9547B0FCD3B}.Debug|Any CPU.ActiveCfg = Debug|Any CPU
		{E7CD5472-09CF-45AB-A94A-B9547B0FCD3B}.Debug|Any CPU.Build.0 = Debug|Any CPU
		{E7CD5472-09CF-45AB-A94A-B9547B0FCD3B}.Release|Any CPU.ActiveCfg = Release|Any CPU
		{E7CD5472-09CF-45AB-A94A-B9547B0FCD3B}.Release|Any CPU.Build.0 = Release|Any CPU
	EndGlobalSection
	GlobalSection(SolutionProperties) = preSolution
		HideSolutionNode = FALSE
	EndGlobalSection
	GlobalSection(ExtensibilityGlobals) = postSolution
		SolutionGuid = {8BC6E429-6C5F-4B0B-B990-D30C43616C50}
	EndGlobalSection
EndGlobal
